
Microsoft Visual Studio Solution File, Format Version 12.00
# Visual Studio 15
VisualStudioVersion = 15.0.27130.2010
MinimumVisualStudioVersion = 10.0.40219.1
Project("{FAE04EC0-301F-11D3-BF4B-00C04F79EFBC}") = "CodingProblemSet1", "..\CodingProblemSet1\CodingProblemSet1.csproj", "{4A9EBA98-6B27-46C3-91A1-33A073C044BB}"
EndProject
Project("{FAE04EC0-301F-11D3-BF4B-00C04F79EFBC}") = "ElementsOfProgrammingInterviews", "ElementsOfProgrammingInterviews\ElementsOfProgrammingInterviews.csproj", "{5E533085-264F-4A44-AB99-35C6074ECBAC}"
EndProject
Project("{FAE04EC0-301F-11D3-BF4B-00C04F79EFBC}") = "ConceptualWorkSet", "ConceptualWorkSet\ConceptualWorkSet.csproj", "{5C450C2D-C9E9-4D01-BDA2-98FF5B4E7EAF}"
EndProject
Global
	GlobalSection(SolutionConfigurationPlatforms) = preSolution
		Debug|Any CPU = Debug|Any CPU
		Release|Any CPU = Release|Any CPU
	EndGlobalSection
	GlobalSection(ProjectConfigurationPlatforms) = postSolution
		{4A9EBA98-6B27-46C3-91A1-33A073C044BB}.Debug|Any CPU.ActiveCfg = Debug|Any CPU
		{4A9EBA98-6B27-46C3-91A1-33A073C044BB}.Debug|Any CPU.Build.0 = Debug|Any CPU
		{4A9EBA98-6B27-46C3-91A1-33A073C044BB}.Release|Any CPU.ActiveCfg = Release|Any CPU
		{4A9EBA98-6B27-46C3-91A1-33A073C044BB}.Release|Any CPU.Build.0 = Release|Any CPU
		{5E533085-264F-4A44-AB99-35C6074ECBAC}.Debug|Any CPU.ActiveCfg = Debug|Any CPU
		{5E533085-264F-4A44-AB99-35C6074ECBAC}.Debug|Any CPU.Build.0 = Debug|Any CPU
		{5E533085-264F-4A44-AB99-35C6074ECBAC}.Release|Any CPU.ActiveCfg = Release|Any CPU
		{5E533085-264F-4A44-AB99-35C6074ECBAC}.Release|Any CPU.Build.0 = Release|Any CPU
		{5C450C2D-C9E9-4D01-BDA2-98FF5B4E7EAF}.Debug|Any CPU.ActiveCfg = Debug|Any CPU
		{5C450C2D-C9E9-4D01-BDA2-98FF5B4E7EAF}.Debug|Any CPU.Build.0 = Debug|Any CPU
		{5C450C2D-C9E9-4D01-BDA2-98FF5B4E7EAF}.Release|Any CPU.ActiveCfg = Release|Any CPU
		{5C450C2D-C9E9-4D01-BDA2-98FF5B4E7EAF}.Release|Any CPU.Build.0 = Release|Any CPU
	EndGlobalSection
	GlobalSection(SolutionProperties) = preSolution
		HideSolutionNode = FALSE
	EndGlobalSection
	GlobalSection(ExtensibilityGlobals) = postSolution
		SolutionGuid = {D1533E54-CEFB-4564-98E1-B4B9BEF1B477}
	EndGlobalSection
EndGlobal
